
Microsoft Visual Studio Solution File, Format Version 12.00
# Visual Studio Version 17
VisualStudioVersion = 17.4.33110.190
MinimumVisualStudioVersion = 10.0.40219.1
Project("{9A19103F-16F7-4668-BE54-9A1E7A4F7556}") = "ExpenSage", "ExpenseTracker\ExpenSage.csproj", "{B79EF7CD-92A1-475F-8918-EABC231117EA}"
EndProject
Project("{9A19103F-16F7-4668-BE54-9A1E7A4F7556}") = "DataAccessLayer", "DataAccessLayer\DataAccessLayer.csproj", "{6E363946-E7E6-4ADE-8451-DB0EC39F852A}"
EndProject
Global
	GlobalSection(SolutionConfigurationPlatforms) = preSolution
		Debug|Any CPU = Debug|Any CPU
		Release|Any CPU = Release|Any CPU
	EndGlobalSection
	GlobalSection(ProjectConfigurationPlatforms) = postSolution
		{B79EF7CD-92A1-475F-8918-EABC231117EA}.Debug|Any CPU.ActiveCfg = Debug|Any CPU
		{B79EF7CD-92A1-475F-8918-EABC231117EA}.Debug|Any CPU.Build.0 = Debug|Any CPU
		{B79EF7CD-92A1-475F-8918-EABC231117EA}.Release|Any CPU.ActiveCfg = Release|Any CPU
		{B79EF7CD-92A1-475F-8918-EABC231117EA}.Release|Any CPU.Build.0 = Release|Any CPU
		{6E363946-E7E6-4ADE-8451-DB0EC39F852A}.Debug|Any CPU.ActiveCfg = Debug|Any CPU
		{6E363946-E7E6-4ADE-8451-DB0EC39F852A}.Debug|Any CPU.Build.0 = Debug|Any CPU
		{6E363946-E7E6-4ADE-8451-DB0EC39F852A}.Release|Any CPU.ActiveCfg = Release|Any CPU
		{6E363946-E7E6-4ADE-8451-DB0EC39F852A}.Release|Any CPU.Build.0 = Release|Any CPU
	EndGlobalSection
	GlobalSection(SolutionProperties) = preSolution
		HideSolutionNode = FALSE
	EndGlobalSection
	GlobalSection(ExtensibilityGlobals) = postSolution
		SolutionGuid = {44559448-BA1F-4C90-8734-115F7261E5C2}
	EndGlobalSection
EndGlobal
